// !$*UTF8*$!
{
	archiveVersion = 1;
	classes = {
	};
	objectVersion = 56;
	objects = {

/* Begin PBXBuildFile section */
		C3930F242B552E8200B018EF /* AppDelegate.swift in Sources */ = {isa = PBXBuildFile; fileRef = C3930F232B552E8200B018EF /* AppDelegate.swift */; };
		C3930F2D2B552E8400B018EF /* Assets.xcassets in Resources */ = {isa = PBXBuildFile; fileRef = C3930F2C2B552E8400B018EF /* Assets.xcassets */; };
		C3930F302B552E8400B018EF /* LaunchScreen.storyboard in Resources */ = {isa = PBXBuildFile; fileRef = C3930F2E2B552E8400B018EF /* LaunchScreen.storyboard */; };
		C3930F6F2B5542D800B018EF /* UITextField_ext.swift in Sources */ = {isa = PBXBuildFile; fileRef = C3930F3A2B5542D700B018EF /* UITextField_ext.swift */; };
		C3930F702B5542D800B018EF /* UITableView_Ext.swift in Sources */ = {isa = PBXBuildFile; fileRef = C3930F3B2B5542D700B018EF /* UITableView_Ext.swift */; };
		C3930F712B5542D800B018EF /* UICollectionView_Ext.swift in Sources */ = {isa = PBXBuildFile; fileRef = C3930F3C2B5542D700B018EF /* UICollectionView_Ext.swift */; };
		C3930F722B5542D800B018EF /* UIImage_Ext.swift in Sources */ = {isa = PBXBuildFile; fileRef = C3930F3D2B5542D700B018EF /* UIImage_Ext.swift */; };
		C3930F732B5542D800B018EF /* UIviewController_Ext.swift in Sources */ = {isa = PBXBuildFile; fileRef = C3930F3E2B5542D700B018EF /* UIviewController_Ext.swift */; };
		C3930F742B5542D800B018EF /* UIView_Ext.swift in Sources */ = {isa = PBXBuildFile; fileRef = C3930F3F2B5542D700B018EF /* UIView_Ext.swift */; };
		C3930F752B5542D800B018EF /* String_Ext.swift in Sources */ = {isa = PBXBuildFile; fileRef = C3930F402B5542D700B018EF /* String_Ext.swift */; };
		C3930F762B5542D800B018EF /* UIColor_Ext.swift in Sources */ = {isa = PBXBuildFile; fileRef = C3930F412B5542D700B018EF /* UIColor_Ext.swift */; };
		C3930F772B5542D800B018EF /* AuthRouter.swift in Sources */ = {isa = PBXBuildFile; fileRef = C3930F442B5542D700B018EF /* AuthRouter.swift */; };
		C3930F782B5542D800B018EF /* AuthClient.swift in Sources */ = {isa = PBXBuildFile; fileRef = C3930F462B5542D700B018EF /* AuthClient.swift */; };
		C3930F792B5542D800B018EF /* HTTPClient.swift in Sources */ = {isa = PBXBuildFile; fileRef = C3930F482B5542D700B018EF /* HTTPClient.swift */; };
		C3930F7A2B5542D800B018EF /* MultipartDataBuilder.swift in Sources */ = {isa = PBXBuildFile; fileRef = C3930F492B5542D700B018EF /* MultipartDataBuilder.swift */; };
		C3930F7B2B5542D800B018EF /* BaseRouter.swift in Sources */ = {isa = PBXBuildFile; fileRef = C3930F4A2B5542D700B018EF /* BaseRouter.swift */; };
		C3930F7C2B5542D800B018EF /* NetworkError.swift in Sources */ = {isa = PBXBuildFile; fileRef = C3930F4B2B5542D700B018EF /* NetworkError.swift */; };
		C3930F7D2B5542D800B018EF /* SplashVC.swift in Sources */ = {isa = PBXBuildFile; fileRef = C3930F4E2B5542D700B018EF /* SplashVC.swift */; };
		C3930F7E2B5542D800B018EF /* SplashVC.xib in Resources */ = {isa = PBXBuildFile; fileRef = C3930F4F2B5542D700B018EF /* SplashVC.xib */; };
		C3930F7F2B5542D800B018EF /* AuthRepo.swift in Sources */ = {isa = PBXBuildFile; fileRef = C3930F522B5542D800B018EF /* AuthRepo.swift */; };
		C3930F802B5542D800B018EF /* Login.swift in Sources */ = {isa = PBXBuildFile; fileRef = C3930F542B5542D800B018EF /* Login.swift */; };
		C3930F812B5542D800B018EF /* KeyChainHelper.swift in Sources */ = {isa = PBXBuildFile; fileRef = C3930F572B5542D800B018EF /* KeyChainHelper.swift */; };
		C3930F822B5542D800B018EF /* AppCoordinator.swift in Sources */ = {isa = PBXBuildFile; fileRef = C3930F592B5542D800B018EF /* AppCoordinator.swift */; };
		C3930F842B5542D800B018EF /* MainNavigator.swift in Sources */ = {isa = PBXBuildFile; fileRef = C3930F5C2B5542D800B018EF /* MainNavigator.swift */; };
		C3930F892B5542D800B018EF /* Fonts.swift in Sources */ = {isa = PBXBuildFile; fileRef = C3930F622B5542D800B018EF /* Fonts.swift */; };
		C3930F8C2B5542D800B018EF /* Coordinator.swift in Sources */ = {isa = PBXBuildFile; fileRef = C3930F662B5542D800B018EF /* Coordinator.swift */; };
		C3930F8D2B5542D800B018EF /* Navigator.swift in Sources */ = {isa = PBXBuildFile; fileRef = C3930F672B5542D800B018EF /* Navigator.swift */; };
		C3930F8E2B5542D800B018EF /* BaseWireFrame.swift in Sources */ = {isa = PBXBuildFile; fileRef = C3930F692B5542D800B018EF /* BaseWireFrame.swift */; };
		C3930F8F2B5542D800B018EF /* DefaultLoginRepo.swift in Sources */ = {isa = PBXBuildFile; fileRef = C3930F6C2B5542D800B018EF /* DefaultLoginRepo.swift */; };
		C3930F902B5542D800B018EF /* LoginDTO.swift in Sources */ = {isa = PBXBuildFile; fileRef = C3930F6E2B5542D800B018EF /* LoginDTO.swift */; };
		C3930F942B55470300B018EF /* LinearIndecatorTabBar.swift in Sources */ = {isa = PBXBuildFile; fileRef = C3930F932B55470300B018EF /* LinearIndecatorTabBar.swift */; };
		C3930F962B5547DA00B018EF /* MainTabBarVC.swift in Sources */ = {isa = PBXBuildFile; fileRef = C3930F952B5547DA00B018EF /* MainTabBarVC.swift */; };
		C3930F992B5550BF00B018EF /* MBProgressHUD in Frameworks */ = {isa = PBXBuildFile; productRef = C3930F982B5550BF00B018EF /* MBProgressHUD */; };
		C3930F9C2B5550F800B018EF /* RxCocoa in Frameworks */ = {isa = PBXBuildFile; productRef = C3930F9B2B5550F800B018EF /* RxCocoa */; };
		C3930F9E2B5550F800B018EF /* RxSwift in Frameworks */ = {isa = PBXBuildFile; productRef = C3930F9D2B5550F800B018EF /* RxSwift */; };
		C3930FA22B5551D600B018EF /* HomeVC.swift in Sources */ = {isa = PBXBuildFile; fileRef = C3930FA02B5551D600B018EF /* HomeVC.swift */; };
		C3930FA32B5551D600B018EF /* HomeVC.xib in Resources */ = {isa = PBXBuildFile; fileRef = C3930FA12B5551D600B018EF /* HomeVC.xib */; };
		C3930FA52B5551E500B018EF /* HomeViewModel.swift in Sources */ = {isa = PBXBuildFile; fileRef = C3930FA42B5551E500B018EF /* HomeViewModel.swift */; };
/* End PBXBuildFile section */

/* Begin PBXFileReference section */
		C3930F202B552E8200B018EF /* MazaadyTask.app */ = {isa = PBXFileReference; explicitFileType = wrapper.application; includeInIndex = 0; path = MazaadyTask.app; sourceTree = BUILT_PRODUCTS_DIR; };
		C3930F232B552E8200B018EF /* AppDelegate.swift */ = {isa = PBXFileReference; lastKnownFileType = sourcecode.swift; path = AppDelegate.swift; sourceTree = "<group>"; };
		C3930F2C2B552E8400B018EF /* Assets.xcassets */ = {isa = PBXFileReference; lastKnownFileType = folder.assetcatalog; path = Assets.xcassets; sourceTree = "<group>"; };
		C3930F2F2B552E8400B018EF /* Base */ = {isa = PBXFileReference; lastKnownFileType = file.storyboard; name = Base; path = Base.lproj/LaunchScreen.storyboard; sourceTree = "<group>"; };
		C3930F312B552E8400B018EF /* Info.plist */ = {isa = PBXFileReference; lastKnownFileType = text.plist.xml; path = Info.plist; sourceTree = "<group>"; };
		C3930F3A2B5542D700B018EF /* UITextField_ext.swift */ = {isa = PBXFileReference; fileEncoding = 4; lastKnownFileType = sourcecode.swift; path = UITextField_ext.swift; sourceTree = "<group>"; };
		C3930F3B2B5542D700B018EF /* UITableView_Ext.swift */ = {isa = PBXFileReference; fileEncoding = 4; lastKnownFileType = sourcecode.swift; path = UITableView_Ext.swift; sourceTree = "<group>"; };
		C3930F3C2B5542D700B018EF /* UICollectionView_Ext.swift */ = {isa = PBXFileReference; fileEncoding = 4; lastKnownFileType = sourcecode.swift; path = UICollectionView_Ext.swift; sourceTree = "<group>"; };
		C3930F3D2B5542D700B018EF /* UIImage_Ext.swift */ = {isa = PBXFileReference; fileEncoding = 4; lastKnownFileType = sourcecode.swift; path = UIImage_Ext.swift; sourceTree = "<group>"; };
		C3930F3E2B5542D700B018EF /* UIviewController_Ext.swift */ = {isa = PBXFileReference; fileEncoding = 4; lastKnownFileType = sourcecode.swift; path = UIviewController_Ext.swift; sourceTree = "<group>"; };
		C3930F3F2B5542D700B018EF /* UIView_Ext.swift */ = {isa = PBXFileReference; fileEncoding = 4; lastKnownFileType = sourcecode.swift; path = UIView_Ext.swift; sourceTree = "<group>"; };
		C3930F402B5542D700B018EF /* String_Ext.swift */ = {isa = PBXFileReference; fileEncoding = 4; lastKnownFileType = sourcecode.swift; path = String_Ext.swift; sourceTree = "<group>"; };
		C3930F412B5542D700B018EF /* UIColor_Ext.swift */ = {isa = PBXFileReference; fileEncoding = 4; lastKnownFileType = sourcecode.swift; path = UIColor_Ext.swift; sourceTree = "<group>"; };
		C3930F442B5542D700B018EF /* AuthRouter.swift */ = {isa = PBXFileReference; fileEncoding = 4; lastKnownFileType = sourcecode.swift; path = AuthRouter.swift; sourceTree = "<group>"; };
		C3930F462B5542D700B018EF /* AuthClient.swift */ = {isa = PBXFileReference; fileEncoding = 4; lastKnownFileType = sourcecode.swift; path = AuthClient.swift; sourceTree = "<group>"; };
		C3930F482B5542D700B018EF /* HTTPClient.swift */ = {isa = PBXFileReference; fileEncoding = 4; lastKnownFileType = sourcecode.swift; path = HTTPClient.swift; sourceTree = "<group>"; };
		C3930F492B5542D700B018EF /* MultipartDataBuilder.swift */ = {isa = PBXFileReference; fileEncoding = 4; lastKnownFileType = sourcecode.swift; path = MultipartDataBuilder.swift; sourceTree = "<group>"; };
		C3930F4A2B5542D700B018EF /* BaseRouter.swift */ = {isa = PBXFileReference; fileEncoding = 4; lastKnownFileType = sourcecode.swift; path = BaseRouter.swift; sourceTree = "<group>"; };
		C3930F4B2B5542D700B018EF /* NetworkError.swift */ = {isa = PBXFileReference; fileEncoding = 4; lastKnownFileType = sourcecode.swift; path = NetworkError.swift; sourceTree = "<group>"; };
		C3930F4E2B5542D700B018EF /* SplashVC.swift */ = {isa = PBXFileReference; fileEncoding = 4; lastKnownFileType = sourcecode.swift; path = SplashVC.swift; sourceTree = "<group>"; };
		C3930F4F2B5542D700B018EF /* SplashVC.xib */ = {isa = PBXFileReference; fileEncoding = 4; lastKnownFileType = file.xib; path = SplashVC.xib; sourceTree = "<group>"; };
		C3930F522B5542D800B018EF /* AuthRepo.swift */ = {isa = PBXFileReference; fileEncoding = 4; lastKnownFileType = sourcecode.swift; path = AuthRepo.swift; sourceTree = "<group>"; };
		C3930F542B5542D800B018EF /* Login.swift */ = {isa = PBXFileReference; fileEncoding = 4; lastKnownFileType = sourcecode.swift; path = Login.swift; sourceTree = "<group>"; };
		C3930F572B5542D800B018EF /* KeyChainHelper.swift */ = {isa = PBXFileReference; fileEncoding = 4; lastKnownFileType = sourcecode.swift; path = KeyChainHelper.swift; sourceTree = "<group>"; };
		C3930F592B5542D800B018EF /* AppCoordinator.swift */ = {isa = PBXFileReference; fileEncoding = 4; lastKnownFileType = sourcecode.swift; path = AppCoordinator.swift; sourceTree = "<group>"; };
		C3930F5C2B5542D800B018EF /* MainNavigator.swift */ = {isa = PBXFileReference; fileEncoding = 4; lastKnownFileType = sourcecode.swift; path = MainNavigator.swift; sourceTree = "<group>"; };
		C3930F622B5542D800B018EF /* Fonts.swift */ = {isa = PBXFileReference; fileEncoding = 4; lastKnownFileType = sourcecode.swift; path = Fonts.swift; sourceTree = "<group>"; };
		C3930F662B5542D800B018EF /* Coordinator.swift */ = {isa = PBXFileReference; fileEncoding = 4; lastKnownFileType = sourcecode.swift; path = Coordinator.swift; sourceTree = "<group>"; };
		C3930F672B5542D800B018EF /* Navigator.swift */ = {isa = PBXFileReference; fileEncoding = 4; lastKnownFileType = sourcecode.swift; path = Navigator.swift; sourceTree = "<group>"; };
		C3930F692B5542D800B018EF /* BaseWireFrame.swift */ = {isa = PBXFileReference; fileEncoding = 4; lastKnownFileType = sourcecode.swift; path = BaseWireFrame.swift; sourceTree = "<group>"; };
		C3930F6C2B5542D800B018EF /* DefaultLoginRepo.swift */ = {isa = PBXFileReference; fileEncoding = 4; lastKnownFileType = sourcecode.swift; path = DefaultLoginRepo.swift; sourceTree = "<group>"; };
		C3930F6E2B5542D800B018EF /* LoginDTO.swift */ = {isa = PBXFileReference; fileEncoding = 4; lastKnownFileType = sourcecode.swift; path = LoginDTO.swift; sourceTree = "<group>"; };
		C3930F932B55470300B018EF /* LinearIndecatorTabBar.swift */ = {isa = PBXFileReference; lastKnownFileType = sourcecode.swift; path = LinearIndecatorTabBar.swift; sourceTree = "<group>"; };
		C3930F952B5547DA00B018EF /* MainTabBarVC.swift */ = {isa = PBXFileReference; lastKnownFileType = sourcecode.swift; path = MainTabBarVC.swift; sourceTree = "<group>"; };
		C3930FA02B5551D600B018EF /* HomeVC.swift */ = {isa = PBXFileReference; lastKnownFileType = sourcecode.swift; path = HomeVC.swift; sourceTree = "<group>"; };
		C3930FA12B5551D600B018EF /* HomeVC.xib */ = {isa = PBXFileReference; lastKnownFileType = file.xib; path = HomeVC.xib; sourceTree = "<group>"; };
		C3930FA42B5551E500B018EF /* HomeViewModel.swift */ = {isa = PBXFileReference; lastKnownFileType = sourcecode.swift; path = HomeViewModel.swift; sourceTree = "<group>"; };
		C3930FAC2B5566DC00B018EF /* Poppins-Regular.ttf */ = {isa = PBXFileReference; lastKnownFileType = file; path = "Poppins-Regular.ttf"; sourceTree = "<group>"; };
		C3930FAD2B5566DC00B018EF /* Poppins-Light.ttf */ = {isa = PBXFileReference; lastKnownFileType = file; path = "Poppins-Light.ttf"; sourceTree = "<group>"; };
		C3930FAE2B5566DC00B018EF /* Poppins-SemiBold.ttf */ = {isa = PBXFileReference; lastKnownFileType = file; path = "Poppins-SemiBold.ttf"; sourceTree = "<group>"; };
		C3930FAF2B5566DC00B018EF /* Poppins-Bold.ttf */ = {isa = PBXFileReference; lastKnownFileType = file; path = "Poppins-Bold.ttf"; sourceTree = "<group>"; };
		C3930FB12B5566DD00B018EF /* Poppins-Medium.ttf */ = {isa = PBXFileReference; lastKnownFileType = file; path = "Poppins-Medium.ttf"; sourceTree = "<group>"; };
/* End PBXFileReference section */

/* Begin PBXFrameworksBuildPhase section */
		C3930F1D2B552E8200B018EF /* Frameworks */ = {
			isa = PBXFrameworksBuildPhase;
			buildActionMask = 2147483647;
			files = (
				C3930F9E2B5550F800B018EF /* RxSwift in Frameworks */,
				C3930F9C2B5550F800B018EF /* RxCocoa in Frameworks */,
				C3930F992B5550BF00B018EF /* MBProgressHUD in Frameworks */,
			);
			runOnlyForDeploymentPostprocessing = 0;
		};
/* End PBXFrameworksBuildPhase section */

/* Begin PBXGroup section */
		C3930F172B552E8200B018EF = {
			isa = PBXGroup;
			children = (
				C3930F222B552E8200B018EF /* MazaadyTask */,
				C3930F212B552E8200B018EF /* Products */,
			);
			sourceTree = "<group>";
		};
		C3930F212B552E8200B018EF /* Products */ = {
			isa = PBXGroup;
			children = (
				C3930F202B552E8200B018EF /* MazaadyTask.app */,
			);
			name = Products;
			sourceTree = "<group>";
		};
		C3930F222B552E8200B018EF /* MazaadyTask */ = {
			isa = PBXGroup;
			children = (
				C3930F922B5546F000B018EF /* CustomViews */,
				C3930F552B5542D800B018EF /* Utilities */,
				C3930F392B5542D700B018EF /* Extetntions */,
				C3930F422B5542D700B018EF /* Network */,
				C3930F6A2B5542D800B018EF /* Data */,
				C3930F502B5542D800B018EF /* Domain */,
				C3930F4C2B5542D700B018EF /* Scenes */,
				C3930F382B553C6500B018EF /* Assets */,
				C3930F372B553C5500B018EF /* Core */,
			);
			path = MazaadyTask;
			sourceTree = "<group>";
		};
		C3930F372B553C5500B018EF /* Core */ = {
			isa = PBXGroup;
			children = (
				C3930F232B552E8200B018EF /* AppDelegate.swift */,
				C3930F312B552E8400B018EF /* Info.plist */,
			);
			path = Core;
			sourceTree = "<group>";
		};
		C3930F382B553C6500B018EF /* Assets */ = {
			isa = PBXGroup;
			children = (
				C3930F2C2B552E8400B018EF /* Assets.xcassets */,
				C3930F2E2B552E8400B018EF /* LaunchScreen.storyboard */,
			);
			path = Assets;
			sourceTree = "<group>";
		};
		C3930F392B5542D700B018EF /* Extetntions */ = {
			isa = PBXGroup;
			children = (
				C3930F3A2B5542D700B018EF /* UITextField_ext.swift */,
				C3930F3B2B5542D700B018EF /* UITableView_Ext.swift */,
				C3930F3C2B5542D700B018EF /* UICollectionView_Ext.swift */,
				C3930F3D2B5542D700B018EF /* UIImage_Ext.swift */,
				C3930F3E2B5542D700B018EF /* UIviewController_Ext.swift */,
				C3930F3F2B5542D700B018EF /* UIView_Ext.swift */,
				C3930F402B5542D700B018EF /* String_Ext.swift */,
				C3930F412B5542D700B018EF /* UIColor_Ext.swift */,
			);
			path = Extetntions;
			sourceTree = "<group>";
		};
		C3930F422B5542D700B018EF /* Network */ = {
			isa = PBXGroup;
			children = (
				C3930F432B5542D700B018EF /* Routers */,
				C3930F452B5542D700B018EF /* Clients */,
				C3930F472B5542D700B018EF /* Core */,
			);
			path = Network;
			sourceTree = "<group>";
		};
		C3930F432B5542D700B018EF /* Routers */ = {
			isa = PBXGroup;
			children = (
				C3930F442B5542D700B018EF /* AuthRouter.swift */,
			);
			path = Routers;
			sourceTree = "<group>";
		};
		C3930F452B5542D700B018EF /* Clients */ = {
			isa = PBXGroup;
			children = (
				C3930F462B5542D700B018EF /* AuthClient.swift */,
			);
			path = Clients;
			sourceTree = "<group>";
		};
		C3930F472B5542D700B018EF /* Core */ = {
			isa = PBXGroup;
			children = (
				C3930F482B5542D700B018EF /* HTTPClient.swift */,
				C3930F492B5542D700B018EF /* MultipartDataBuilder.swift */,
				C3930F4A2B5542D700B018EF /* BaseRouter.swift */,
				C3930F4B2B5542D700B018EF /* NetworkError.swift */,
			);
			path = Core;
			sourceTree = "<group>";
		};
		C3930F4C2B5542D700B018EF /* Scenes */ = {
			isa = PBXGroup;
			children = (
				C3930F9F2B5551C400B018EF /* Home */,
				C3930F912B55439400B018EF /* Main */,
				C3930F4D2B5542D700B018EF /* Splash */,
			);
			path = Scenes;
			sourceTree = "<group>";
		};
		C3930F4D2B5542D700B018EF /* Splash */ = {
			isa = PBXGroup;
			children = (
				C3930F4E2B5542D700B018EF /* SplashVC.swift */,
				C3930F4F2B5542D700B018EF /* SplashVC.xib */,
			);
			path = Splash;
			sourceTree = "<group>";
		};
		C3930F502B5542D800B018EF /* Domain */ = {
			isa = PBXGroup;
			children = (
				C3930F512B5542D800B018EF /* Repository */,
				C3930F532B5542D800B018EF /* Entity */,
			);
			path = Domain;
			sourceTree = "<group>";
		};
		C3930F512B5542D800B018EF /* Repository */ = {
			isa = PBXGroup;
			children = (
				C3930F522B5542D800B018EF /* AuthRepo.swift */,
			);
			path = Repository;
			sourceTree = "<group>";
		};
		C3930F532B5542D800B018EF /* Entity */ = {
			isa = PBXGroup;
			children = (
				C3930F542B5542D800B018EF /* Login.swift */,
			);
			path = Entity;
			sourceTree = "<group>";
		};
		C3930F552B5542D800B018EF /* Utilities */ = {
			isa = PBXGroup;
			children = (
				C3930F562B5542D800B018EF /* KeyChainHelper */,
				C3930F582B5542D800B018EF /* AppCoordinator */,
				C3930F5B2B5542D800B018EF /* Navigators */,
				C3930F5D2B5542D800B018EF /* Fonts */,
				C3930F652B5542D800B018EF /* Protocols */,
				C3930F682B5542D800B018EF /* BaseWireFrame */,
			);
			path = Utilities;
			sourceTree = "<group>";
		};
		C3930F562B5542D800B018EF /* KeyChainHelper */ = {
			isa = PBXGroup;
			children = (
				C3930F572B5542D800B018EF /* KeyChainHelper.swift */,
			);
			path = KeyChainHelper;
			sourceTree = "<group>";
		};
		C3930F582B5542D800B018EF /* AppCoordinator */ = {
			isa = PBXGroup;
			children = (
				C3930F592B5542D800B018EF /* AppCoordinator.swift */,
			);
			path = AppCoordinator;
			sourceTree = "<group>";
		};
		C3930F5B2B5542D800B018EF /* Navigators */ = {
			isa = PBXGroup;
			children = (
				C3930F5C2B5542D800B018EF /* MainNavigator.swift */,
			);
			path = Navigators;
			sourceTree = "<group>";
		};
		C3930F5D2B5542D800B018EF /* Fonts */ = {
			isa = PBXGroup;
			children = (
				C3930F622B5542D800B018EF /* Fonts.swift */,
				C3930FAF2B5566DC00B018EF /* Poppins-Bold.ttf */,
				C3930FAD2B5566DC00B018EF /* Poppins-Light.ttf */,
				C3930FB12B5566DD00B018EF /* Poppins-Medium.ttf */,
				C3930FAC2B5566DC00B018EF /* Poppins-Regular.ttf */,
				C3930FAE2B5566DC00B018EF /* Poppins-SemiBold.ttf */,
			);
			path = Fonts;
			sourceTree = "<group>";
		};
		C3930F652B5542D800B018EF /* Protocols */ = {
			isa = PBXGroup;
			children = (
				C3930F662B5542D800B018EF /* Coordinator.swift */,
				C3930F672B5542D800B018EF /* Navigator.swift */,
			);
			path = Protocols;
			sourceTree = "<group>";
		};
		C3930F682B5542D800B018EF /* BaseWireFrame */ = {
			isa = PBXGroup;
			children = (
				C3930F692B5542D800B018EF /* BaseWireFrame.swift */,
			);
			path = BaseWireFrame;
			sourceTree = "<group>";
		};
		C3930F6A2B5542D800B018EF /* Data */ = {
			isa = PBXGroup;
			children = (
				C3930F6B2B5542D800B018EF /* Repository */,
				C3930F6D2B5542D800B018EF /* ModelDTO */,
			);
			path = Data;
			sourceTree = "<group>";
		};
		C3930F6B2B5542D800B018EF /* Repository */ = {
			isa = PBXGroup;
			children = (
				C3930F6C2B5542D800B018EF /* DefaultLoginRepo.swift */,
			);
			path = Repository;
			sourceTree = "<group>";
		};
		C3930F6D2B5542D800B018EF /* ModelDTO */ = {
			isa = PBXGroup;
			children = (
				C3930F6E2B5542D800B018EF /* LoginDTO.swift */,
			);
			path = ModelDTO;
			sourceTree = "<group>";
		};
		C3930F912B55439400B018EF /* Main */ = {
			isa = PBXGroup;
			children = (
				C3930F952B5547DA00B018EF /* MainTabBarVC.swift */,
			);
			path = Main;
			sourceTree = "<group>";
		};
		C3930F922B5546F000B018EF /* CustomViews */ = {
			isa = PBXGroup;
			children = (
				C3930F932B55470300B018EF /* LinearIndecatorTabBar.swift */,
			);
			path = CustomViews;
			sourceTree = "<group>";
		};
		C3930F9F2B5551C400B018EF /* Home */ = {
			isa = PBXGroup;
			children = (
				C3930FA02B5551D600B018EF /* HomeVC.swift */,
				C3930FA12B5551D600B018EF /* HomeVC.xib */,
				C3930FA42B5551E500B018EF /* HomeViewModel.swift */,
			);
			path = Home;
			sourceTree = "<group>";
		};
/* End PBXGroup section */

/* Begin PBXNativeTarget section */
		C3930F1F2B552E8200B018EF /* MazaadyTask */ = {
			isa = PBXNativeTarget;
			buildConfigurationList = C3930F342B552E8400B018EF /* Build configuration list for PBXNativeTarget "MazaadyTask" */;
			buildPhases = (
				C3930F1C2B552E8200B018EF /* Sources */,
				C3930F1D2B552E8200B018EF /* Frameworks */,
				C3930F1E2B552E8200B018EF /* Resources */,
			);
			buildRules = (
			);
			dependencies = (
			);
			name = MazaadyTask;
			packageProductDependencies = (
				C3930F982B5550BF00B018EF /* MBProgressHUD */,
				C3930F9B2B5550F800B018EF /* RxCocoa */,
				C3930F9D2B5550F800B018EF /* RxSwift */,
			);
			productName = MazaadyTask;
			productReference = C3930F202B552E8200B018EF /* MazaadyTask.app */;
			productType = "com.apple.product-type.application";
		};
/* End PBXNativeTarget section */

/* Begin PBXProject section */
		C3930F182B552E8200B018EF /* Project object */ = {
			isa = PBXProject;
			attributes = {
				BuildIndependentTargetsInParallel = 1;
				LastSwiftUpdateCheck = 1420;
				LastUpgradeCheck = 1420;
				TargetAttributes = {
					C3930F1F2B552E8200B018EF = {
						CreatedOnToolsVersion = 14.2;
					};
				};
			};
			buildConfigurationList = C3930F1B2B552E8200B018EF /* Build configuration list for PBXProject "MazaadyTask" */;
			compatibilityVersion = "Xcode 14.0";
			developmentRegion = en;
			hasScannedForEncodings = 0;
			knownRegions = (
				en,
				Base,
			);
			mainGroup = C3930F172B552E8200B018EF;
			packageReferences = (
				C3930F972B5550BF00B018EF /* XCRemoteSwiftPackageReference "MBProgressHUD" */,
				C3930F9A2B5550F800B018EF /* XCRemoteSwiftPackageReference "RxSwift" */,
			);
			productRefGroup = C3930F212B552E8200B018EF /* Products */;
			projectDirPath = "";
			projectRoot = "";
			targets = (
				C3930F1F2B552E8200B018EF /* MazaadyTask */,
			);
		};
/* End PBXProject section */

/* Begin PBXResourcesBuildPhase section */
		C3930F1E2B552E8200B018EF /* Resources */ = {
			isa = PBXResourcesBuildPhase;
			buildActionMask = 2147483647;
			files = (
				C3930F7E2B5542D800B018EF /* SplashVC.xib in Resources */,
				C3930F302B552E8400B018EF /* LaunchScreen.storyboard in Resources */,
				C3930FA32B5551D600B018EF /* HomeVC.xib in Resources */,
				C3930F2D2B552E8400B018EF /* Assets.xcassets in Resources */,
			);
			runOnlyForDeploymentPostprocessing = 0;
		};
/* End PBXResourcesBuildPhase section */

/* Begin PBXSourcesBuildPhase section */
		C3930F1C2B552E8200B018EF /* Sources */ = {
			isa = PBXSourcesBuildPhase;
			buildActionMask = 2147483647;
			files = (
				C3930F732B5542D800B018EF /* UIviewController_Ext.swift in Sources */,
				C3930F962B5547DA00B018EF /* MainTabBarVC.swift in Sources */,
				C3930F722B5542D800B018EF /* UIImage_Ext.swift in Sources */,
				C3930F842B5542D800B018EF /* MainNavigator.swift in Sources */,
				C3930F792B5542D800B018EF /* HTTPClient.swift in Sources */,
				C3930F772B5542D800B018EF /* AuthRouter.swift in Sources */,
				C3930F902B5542D800B018EF /* LoginDTO.swift in Sources */,
				C3930F7A2B5542D800B018EF /* MultipartDataBuilder.swift in Sources */,
				C3930F8D2B5542D800B018EF /* Navigator.swift in Sources */,
				C3930F762B5542D800B018EF /* UIColor_Ext.swift in Sources */,
				C3930F752B5542D800B018EF /* String_Ext.swift in Sources */,
				C3930F8C2B5542D800B018EF /* Coordinator.swift in Sources */,
				C3930F782B5542D800B018EF /* AuthClient.swift in Sources */,
				C3930F892B5542D800B018EF /* Fonts.swift in Sources */,
				C3930F242B552E8200B018EF /* AppDelegate.swift in Sources */,
				C3930F7C2B5542D800B018EF /* NetworkError.swift in Sources */,
				C3930F7B2B5542D800B018EF /* BaseRouter.swift in Sources */,
				C3930F8F2B5542D800B018EF /* DefaultLoginRepo.swift in Sources */,
				C3930F702B5542D800B018EF /* UITableView_Ext.swift in Sources */,
				C3930F8E2B5542D800B018EF /* BaseWireFrame.swift in Sources */,
				C3930F822B5542D800B018EF /* AppCoordinator.swift in Sources */,
				C3930FA22B5551D600B018EF /* HomeVC.swift in Sources */,
				C3930F712B5542D800B018EF /* UICollectionView_Ext.swift in Sources */,
				C3930F7D2B5542D800B018EF /* SplashVC.swift in Sources */,
				C3930F7F2B5542D800B018EF /* AuthRepo.swift in Sources */,
				C3930F802B5542D800B018EF /* Login.swift in Sources */,
				C3930F6F2B5542D800B018EF /* UITextField_ext.swift in Sources */,
				C3930F812B5542D800B018EF /* KeyChainHelper.swift in Sources */,
				C3930F742B5542D800B018EF /* UIView_Ext.swift in Sources */,
				C3930FA52B5551E500B018EF /* HomeViewModel.swift in Sources */,
				C3930F942B55470300B018EF /* LinearIndecatorTabBar.swift in Sources */,
			);
			runOnlyForDeploymentPostprocessing = 0;
		};
/* End PBXSourcesBuildPhase section */

/* Begin PBXVariantGroup section */
		C3930F2E2B552E8400B018EF /* LaunchScreen.storyboard */ = {
			isa = PBXVariantGroup;
			children = (
				C3930F2F2B552E8400B018EF /* Base */,
			);
			name = LaunchScreen.storyboard;
			sourceTree = "<group>";
		};
/* End PBXVariantGroup section */

/* Begin XCBuildConfiguration section */
		C3930F322B552E8400B018EF /* Debug */ = {
			isa = XCBuildConfiguration;
			buildSettings = {
				ALWAYS_SEARCH_USER_PATHS = NO;
				CLANG_ANALYZER_NONNULL = YES;
				CLANG_ANALYZER_NUMBER_OBJECT_CONVERSION = YES_AGGRESSIVE;
				CLANG_CXX_LANGUAGE_STANDARD = "gnu++20";
				CLANG_ENABLE_MODULES = YES;
				CLANG_ENABLE_OBJC_ARC = YES;
				CLANG_ENABLE_OBJC_WEAK = YES;
				CLANG_WARN_BLOCK_CAPTURE_AUTORELEASING = YES;
				CLANG_WARN_BOOL_CONVERSION = YES;
				CLANG_WARN_COMMA = YES;
				CLANG_WARN_CONSTANT_CONVERSION = YES;
				CLANG_WARN_DEPRECATED_OBJC_IMPLEMENTATIONS = YES;
				CLANG_WARN_DIRECT_OBJC_ISA_USAGE = YES_ERROR;
				CLANG_WARN_DOCUMENTATION_COMMENTS = YES;
				CLANG_WARN_EMPTY_BODY = YES;
				CLANG_WARN_ENUM_CONVERSION = YES;
				CLANG_WARN_INFINITE_RECURSION = YES;
				CLANG_WARN_INT_CONVERSION = YES;
				CLANG_WARN_NON_LITERAL_NULL_CONVERSION = YES;
				CLANG_WARN_OBJC_IMPLICIT_RETAIN_SELF = YES;
				CLANG_WARN_OBJC_LITERAL_CONVERSION = YES;
				CLANG_WARN_OBJC_ROOT_CLASS = YES_ERROR;
				CLANG_WARN_QUOTED_INCLUDE_IN_FRAMEWORK_HEADER = YES;
				CLANG_WARN_RANGE_LOOP_ANALYSIS = YES;
				CLANG_WARN_STRICT_PROTOTYPES = YES;
				CLANG_WARN_SUSPICIOUS_MOVE = YES;
				CLANG_WARN_UNGUARDED_AVAILABILITY = YES_AGGRESSIVE;
				CLANG_WARN_UNREACHABLE_CODE = YES;
				CLANG_WARN__DUPLICATE_METHOD_MATCH = YES;
				COPY_PHASE_STRIP = NO;
				DEBUG_INFORMATION_FORMAT = dwarf;
				ENABLE_STRICT_OBJC_MSGSEND = YES;
				ENABLE_TESTABILITY = YES;
				GCC_C_LANGUAGE_STANDARD = gnu11;
				GCC_DYNAMIC_NO_PIC = NO;
				GCC_NO_COMMON_BLOCKS = YES;
				GCC_OPTIMIZATION_LEVEL = 0;
				GCC_PREPROCESSOR_DEFINITIONS = (
					"DEBUG=1",
					"$(inherited)",
				);
				GCC_WARN_64_TO_32_BIT_CONVERSION = YES;
				GCC_WARN_ABOUT_RETURN_TYPE = YES_ERROR;
				GCC_WARN_UNDECLARED_SELECTOR = YES;
				GCC_WARN_UNINITIALIZED_AUTOS = YES_AGGRESSIVE;
				GCC_WARN_UNUSED_FUNCTION = YES;
				GCC_WARN_UNUSED_VARIABLE = YES;
				IPHONEOS_DEPLOYMENT_TARGET = 16.2;
				MTL_ENABLE_DEBUG_INFO = INCLUDE_SOURCE;
				MTL_FAST_MATH = YES;
				ONLY_ACTIVE_ARCH = YES;
				SDKROOT = iphoneos;
				SWIFT_ACTIVE_COMPILATION_CONDITIONS = DEBUG;
				SWIFT_OPTIMIZATION_LEVEL = "-Onone";
			};
			name = Debug;
		};
		C3930F332B552E8400B018EF /* Release */ = {
			isa = XCBuildConfiguration;
			buildSettings = {
				ALWAYS_SEARCH_USER_PATHS = NO;
				CLANG_ANALYZER_NONNULL = YES;
				CLANG_ANALYZER_NUMBER_OBJECT_CONVERSION = YES_AGGRESSIVE;
				CLANG_CXX_LANGUAGE_STANDARD = "gnu++20";
				CLANG_ENABLE_MODULES = YES;
				CLANG_ENABLE_OBJC_ARC = YES;
				CLANG_ENABLE_OBJC_WEAK = YES;
				CLANG_WARN_BLOCK_CAPTURE_AUTORELEASING = YES;
				CLANG_WARN_BOOL_CONVERSION = YES;
				CLANG_WARN_COMMA = YES;
				CLANG_WARN_CONSTANT_CONVERSION = YES;
				CLANG_WARN_DEPRECATED_OBJC_IMPLEMENTATIONS = YES;
				CLANG_WARN_DIRECT_OBJC_ISA_USAGE = YES_ERROR;
				CLANG_WARN_DOCUMENTATION_COMMENTS = YES;
				CLANG_WARN_EMPTY_BODY = YES;
				CLANG_WARN_ENUM_CONVERSION = YES;
				CLANG_WARN_INFINITE_RECURSION = YES;
				CLANG_WARN_INT_CONVERSION = YES;
				CLANG_WARN_NON_LITERAL_NULL_CONVERSION = YES;
				CLANG_WARN_OBJC_IMPLICIT_RETAIN_SELF = YES;
				CLANG_WARN_OBJC_LITERAL_CONVERSION = YES;
				CLANG_WARN_OBJC_ROOT_CLASS = YES_ERROR;
				CLANG_WARN_QUOTED_INCLUDE_IN_FRAMEWORK_HEADER = YES;
				CLANG_WARN_RANGE_LOOP_ANALYSIS = YES;
				CLANG_WARN_STRICT_PROTOTYPES = YES;
				CLANG_WARN_SUSPICIOUS_MOVE = YES;
				CLANG_WARN_UNGUARDED_AVAILABILITY = YES_AGGRESSIVE;
				CLANG_WARN_UNREACHABLE_CODE = YES;
				CLANG_WARN__DUPLICATE_METHOD_MATCH = YES;
				COPY_PHASE_STRIP = NO;
				DEBUG_INFORMATION_FORMAT = "dwarf-with-dsym";
				ENABLE_NS_ASSERTIONS = NO;
				ENABLE_STRICT_OBJC_MSGSEND = YES;
				GCC_C_LANGUAGE_STANDARD = gnu11;
				GCC_NO_COMMON_BLOCKS = YES;
				GCC_WARN_64_TO_32_BIT_CONVERSION = YES;
				GCC_WARN_ABOUT_RETURN_TYPE = YES_ERROR;
				GCC_WARN_UNDECLARED_SELECTOR = YES;
				GCC_WARN_UNINITIALIZED_AUTOS = YES_AGGRESSIVE;
				GCC_WARN_UNUSED_FUNCTION = YES;
				GCC_WARN_UNUSED_VARIABLE = YES;
				IPHONEOS_DEPLOYMENT_TARGET = 16.2;
				MTL_ENABLE_DEBUG_INFO = NO;
				MTL_FAST_MATH = YES;
				SDKROOT = iphoneos;
				SWIFT_COMPILATION_MODE = wholemodule;
				SWIFT_OPTIMIZATION_LEVEL = "-O";
				VALIDATE_PRODUCT = YES;
			};
			name = Release;
		};
		C3930F352B552E8400B018EF /* Debug */ = {
			isa = XCBuildConfiguration;
			buildSettings = {
				ASSETCATALOG_COMPILER_APPICON_NAME = AppIcon;
				ASSETCATALOG_COMPILER_GLOBAL_ACCENT_COLOR_NAME = AccentColor;
				CODE_SIGN_STYLE = Automatic;
				CURRENT_PROJECT_VERSION = 1;
				DEVELOPMENT_TEAM = ZLT333H937;
				GENERATE_INFOPLIST_FILE = YES;
				INFOPLIST_FILE = MazaadyTask/Core/Info.plist;
				INFOPLIST_KEY_UIApplicationSupportsIndirectInputEvents = YES;
				INFOPLIST_KEY_UILaunchStoryboardName = LaunchScreen;
				INFOPLIST_KEY_UISupportedInterfaceOrientations_iPad = "UIInterfaceOrientationPortrait UIInterfaceOrientationPortraitUpsideDown UIInterfaceOrientationLandscapeLeft UIInterfaceOrientationLandscapeRight";
				INFOPLIST_KEY_UISupportedInterfaceOrientations_iPhone = "UIInterfaceOrientationPortrait UIInterfaceOrientationLandscapeLeft UIInterfaceOrientationLandscapeRight";
				LD_RUNPATH_SEARCH_PATHS = (
					"$(inherited)",
					"@executable_path/Frameworks",
				);
				MARKETING_VERSION = 1.0;
				PRODUCT_BUNDLE_IDENTIFIER = com.Dweeb.MazaadyTask;
				PRODUCT_NAME = "$(TARGET_NAME)";
				SWIFT_EMIT_LOC_STRINGS = YES;
				SWIFT_VERSION = 5.0;
				TARGETED_DEVICE_FAMILY = "1,2";
			};
			name = Debug;
		};
		C3930F362B552E8400B018EF /* Release */ = {
			isa = XCBuildConfiguration;
			buildSettings = {
				ASSETCATALOG_COMPILER_APPICON_NAME = AppIcon;
				ASSETCATALOG_COMPILER_GLOBAL_ACCENT_COLOR_NAME = AccentColor;
				CODE_SIGN_STYLE = Automatic;
				CURRENT_PROJECT_VERSION = 1;
				DEVELOPMENT_TEAM = ZLT333H937;
				GENERATE_INFOPLIST_FILE = YES;
				INFOPLIST_FILE = MazaadyTask/Core/Info.plist;
				INFOPLIST_KEY_UIApplicationSupportsIndirectInputEvents = YES;
				INFOPLIST_KEY_UILaunchStoryboardName = LaunchScreen;
				INFOPLIST_KEY_UISupportedInterfaceOrientations_iPad = "UIInterfaceOrientationPortrait UIInterfaceOrientationPortraitUpsideDown UIInterfaceOrientationLandscapeLeft UIInterfaceOrientationLandscapeRight";
				INFOPLIST_KEY_UISupportedInterfaceOrientations_iPhone = "UIInterfaceOrientationPortrait UIInterfaceOrientationLandscapeLeft UIInterfaceOrientationLandscapeRight";
				LD_RUNPATH_SEARCH_PATHS = (
					"$(inherited)",
					"@executable_path/Frameworks",
				);
				MARKETING_VERSION = 1.0;
				PRODUCT_BUNDLE_IDENTIFIER = com.Dweeb.MazaadyTask;
				PRODUCT_NAME = "$(TARGET_NAME)";
				SWIFT_EMIT_LOC_STRINGS = YES;
				SWIFT_VERSION = 5.0;
				TARGETED_DEVICE_FAMILY = "1,2";
			};
			name = Release;
		};
/* End XCBuildConfiguration section */

/* Begin XCConfigurationList section */
		C3930F1B2B552E8200B018EF /* Build configuration list for PBXProject "MazaadyTask" */ = {
			isa = XCConfigurationList;
			buildConfigurations = (
				C3930F322B552E8400B018EF /* Debug */,
				C3930F332B552E8400B018EF /* Release */,
			);
			defaultConfigurationIsVisible = 0;
			defaultConfigurationName = Release;
		};
		C3930F342B552E8400B018EF /* Build configuration list for PBXNativeTarget "MazaadyTask" */ = {
			isa = XCConfigurationList;
			buildConfigurations = (
				C3930F352B552E8400B018EF /* Debug */,
				C3930F362B552E8400B018EF /* Release */,
			);
			defaultConfigurationIsVisible = 0;
			defaultConfigurationName = Release;
		};
/* End XCConfigurationList section */

/* Begin XCRemoteSwiftPackageReference section */
		C3930F972B5550BF00B018EF /* XCRemoteSwiftPackageReference "MBProgressHUD" */ = {
			isa = XCRemoteSwiftPackageReference;
			repositoryURL = "https://github.com/jdg/MBProgressHUD.git";
			requirement = {
				kind = upToNextMajorVersion;
				minimumVersion = 1.2.0;
			};
		};
		C3930F9A2B5550F800B018EF /* XCRemoteSwiftPackageReference "RxSwift" */ = {
			isa = XCRemoteSwiftPackageReference;
			repositoryURL = "https://github.com/ReactiveX/RxSwift.git";
			requirement = {
				kind = upToNextMajorVersion;
				minimumVersion = 6.6.0;
			};
		};
/* End XCRemoteSwiftPackageReference section */

/* Begin XCSwiftPackageProductDependency section */
		C3930F982B5550BF00B018EF /* MBProgressHUD */ = {
			isa = XCSwiftPackageProductDependency;
			package = C3930F972B5550BF00B018EF /* XCRemoteSwiftPackageReference "MBProgressHUD" */;
			productName = MBProgressHUD;
		};
		C3930F9B2B5550F800B018EF /* RxCocoa */ = {
			isa = XCSwiftPackageProductDependency;
			package = C3930F9A2B5550F800B018EF /* XCRemoteSwiftPackageReference "RxSwift" */;
			productName = RxCocoa;
		};
		C3930F9D2B5550F800B018EF /* RxSwift */ = {
			isa = XCSwiftPackageProductDependency;
			package = C3930F9A2B5550F800B018EF /* XCRemoteSwiftPackageReference "RxSwift" */;
			productName = RxSwift;
		};
/* End XCSwiftPackageProductDependency section */
	};
	rootObject = C3930F182B552E8200B018EF /* Project object */;
}
